
Microsoft Visual Studio Solution File, Format Version 12.00
Project("{F2A71F9B-5D33-465A-A702-920D77279786}") = "Timesheet", "Timesheet\Timesheet.fsproj", "{AAE822D4-B921-416A-88E2-99987B8A9C30}"
EndProject
Global
	GlobalSection(SolutionConfigurationPlatforms) = preSolution
		Debug|Any CPU = Debug|Any CPU
		Release|Any CPU = Release|Any CPU
	EndGlobalSection
	GlobalSection(ProjectConfigurationPlatforms) = postSolution
		{AAE822D4-B921-416A-88E2-99987B8A9C30}.Debug|Any CPU.ActiveCfg = Debug|Any CPU
		{AAE822D4-B921-416A-88E2-99987B8A9C30}.Debug|Any CPU.Build.0 = Debug|Any CPU
		{AAE822D4-B921-416A-88E2-99987B8A9C30}.Release|Any CPU.ActiveCfg = Release|Any CPU
		{AAE822D4-B921-416A-88E2-99987B8A9C30}.Release|Any CPU.Build.0 = Release|Any CPU
	EndGlobalSection
EndGlobal
